
Microsoft Visual Studio Solution File, Format Version 12.00
# Visual Studio 15
VisualStudioVersion = 15.0.27004.2002
MinimumVisualStudioVersion = 10.0.40219.1
Project("{8BC9CEB8-8B4A-11D0-8D11-00A0C91BC942}") = "MN Interpolacja", "MN Interpolacja\MN Interpolacja.vcxproj", "{5BEB3E14-66FE-4B81-AA94-3650734295A8}"
EndProject
Global
	GlobalSection(SolutionConfigurationPlatforms) = preSolution
		Debug|x64 = Debug|x64
		Debug|x86 = Debug|x86
		Release|x64 = Release|x64
		Release|x86 = Release|x86
	EndGlobalSection
	GlobalSection(ProjectConfigurationPlatforms) = postSolution
		{5BEB3E14-66FE-4B81-AA94-3650734295A8}.Debug|x64.ActiveCfg = Debug|x64
		{5BEB3E14-66FE-4B81-AA94-3650734295A8}.Debug|x64.Build.0 = Debug|x64
		{5BEB3E14-66FE-4B81-AA94-3650734295A8}.Debug|x86.ActiveCfg = Debug|Win32
		{5BEB3E14-66FE-4B81-AA94-3650734295A8}.Debug|x86.Build.0 = Debug|Win32
		{5BEB3E14-66FE-4B81-AA94-3650734295A8}.Release|x64.ActiveCfg = Release|x64
		{5BEB3E14-66FE-4B81-AA94-3650734295A8}.Release|x64.Build.0 = Release|x64
		{5BEB3E14-66FE-4B81-AA94-3650734295A8}.Release|x86.ActiveCfg = Release|Win32
		{5BEB3E14-66FE-4B81-AA94-3650734295A8}.Release|x86.Build.0 = Release|Win32
	EndGlobalSection
	GlobalSection(SolutionProperties) = preSolution
		HideSolutionNode = FALSE
	EndGlobalSection
	GlobalSection(ExtensibilityGlobals) = postSolution
		SolutionGuid = {3703DCD3-4CDD-4970-B047-B6AB9F04F2A4}
	EndGlobalSection
EndGlobal
